
Microsoft Visual Studio Solution File, Format Version 12.00
# Visual Studio Version 16
VisualStudioVersion = 16.0.31911.196
MinimumVisualStudioVersion = 10.0.40219.1
Project("{FAE04EC0-301F-11D3-BF4B-00C04F79EFBC}") = "Day15BinarySearch_UC3", "Day15BinarySearch_UC3.csproj", "{CFB1385D-2A9B-4CC2-8AE9-D528508ED846}"
EndProject
Global
	GlobalSection(SolutionConfigurationPlatforms) = preSolution
		Debug|Any CPU = Debug|Any CPU
		Release|Any CPU = Release|Any CPU
	EndGlobalSection
	GlobalSection(ProjectConfigurationPlatforms) = postSolution
		{CFB1385D-2A9B-4CC2-8AE9-D528508ED846}.Debug|Any CPU.ActiveCfg = Debug|Any CPU
		{CFB1385D-2A9B-4CC2-8AE9-D528508ED846}.Debug|Any CPU.Build.0 = Debug|Any CPU
		{CFB1385D-2A9B-4CC2-8AE9-D528508ED846}.Release|Any CPU.ActiveCfg = Release|Any CPU
		{CFB1385D-2A9B-4CC2-8AE9-D528508ED846}.Release|Any CPU.Build.0 = Release|Any CPU
	EndGlobalSection
	GlobalSection(SolutionProperties) = preSolution
		HideSolutionNode = FALSE
	EndGlobalSection
	GlobalSection(ExtensibilityGlobals) = postSolution
		SolutionGuid = {DFE527CB-6996-478F-80F6-F4A2A81DC630}
	EndGlobalSection
EndGlobal
